
Microsoft Visual Studio Solution File, Format Version 12.00
# Visual Studio Version 17
VisualStudioVersion = 17.2.32526.322
MinimumVisualStudioVersion = 10.0.40219.1
Project("{FAE04EC0-301F-11D3-BF4B-00C04F79EFBC}") = "TodoApi", "TodoApi\TodoApi.csproj", "{1671A34F-71BF-4E2D-AC28-DB1F5304B5E5}"
EndProject
Global
	GlobalSection(SolutionConfigurationPlatforms) = preSolution
		Debug|Any CPU = Debug|Any CPU
		Release|Any CPU = Release|Any CPU
	EndGlobalSection
	GlobalSection(ProjectConfigurationPlatforms) = postSolution
		{1671A34F-71BF-4E2D-AC28-DB1F5304B5E5}.Debug|Any CPU.ActiveCfg = Debug|Any CPU
		{1671A34F-71BF-4E2D-AC28-DB1F5304B5E5}.Debug|Any CPU.Build.0 = Debug|Any CPU
		{1671A34F-71BF-4E2D-AC28-DB1F5304B5E5}.Release|Any CPU.ActiveCfg = Release|Any CPU
		{1671A34F-71BF-4E2D-AC28-DB1F5304B5E5}.Release|Any CPU.Build.0 = Release|Any CPU
	EndGlobalSection
	GlobalSection(SolutionProperties) = preSolution
		HideSolutionNode = FALSE
	EndGlobalSection
	GlobalSection(ExtensibilityGlobals) = postSolution
		SolutionGuid = {892C16EE-8F45-42EB-8450-B3F033A50E1D}
	EndGlobalSection
EndGlobal
